
Microsoft Visual Studio Solution File, Format Version 12.00
# Visual Studio Version 17
VisualStudioVersion = 17.12.35506.116 d17.12
MinimumVisualStudioVersion = 10.0.40219.1
Project("{FAE04EC0-301F-11D3-BF4B-00C04F79EFBC}") = "Topis 5 - If Statements", "Topis 5 - If Statements.csproj", "{FE6DDFE7-A2E3-48F7-AF09-F76B1A55097F}"
EndProject
Global
	GlobalSection(SolutionConfigurationPlatforms) = preSolution
		Debug|Any CPU = Debug|Any CPU
		Release|Any CPU = Release|Any CPU
	EndGlobalSection
	GlobalSection(ProjectConfigurationPlatforms) = postSolution
		{FE6DDFE7-A2E3-48F7-AF09-F76B1A55097F}.Debug|Any CPU.ActiveCfg = Debug|Any CPU
		{FE6DDFE7-A2E3-48F7-AF09-F76B1A55097F}.Debug|Any CPU.Build.0 = Debug|Any CPU
		{FE6DDFE7-A2E3-48F7-AF09-F76B1A55097F}.Release|Any CPU.ActiveCfg = Release|Any CPU
		{FE6DDFE7-A2E3-48F7-AF09-F76B1A55097F}.Release|Any CPU.Build.0 = Release|Any CPU
	EndGlobalSection
	GlobalSection(SolutionProperties) = preSolution
		HideSolutionNode = FALSE
	EndGlobalSection
EndGlobal
